
Microsoft Visual Studio Solution File, Format Version 12.00
# Visual Studio Version 17
VisualStudioVersion = 17.5.002.0
MinimumVisualStudioVersion = 10.0.40219.1
Project("{2150E333-8FDC-42A3-9474-1A3956D46DE8}") = "api", "api", "{A05C44F5-969C-4861-9834-D462D346A7AD}"
EndProject
Project("{9A19103F-16F7-4668-BE54-9A1E7A4F7556}") = "ConfiguratorAPI", "api\ConfiguratorAPI\ConfiguratorAPI.csproj", "{396B902E-B109-4589-8221-0DAA6D3A622B}"
EndProject
Global
	GlobalSection(SolutionConfigurationPlatforms) = preSolution
		Debug|Any CPU = Debug|Any CPU
		Release|Any CPU = Release|Any CPU
	EndGlobalSection
	GlobalSection(ProjectConfigurationPlatforms) = postSolution
		{396B902E-B109-4589-8221-0DAA6D3A622B}.Debug|Any CPU.ActiveCfg = Debug|Any CPU
		{396B902E-B109-4589-8221-0DAA6D3A622B}.Debug|Any CPU.Build.0 = Debug|Any CPU
		{396B902E-B109-4589-8221-0DAA6D3A622B}.Release|Any CPU.ActiveCfg = Release|Any CPU
		{396B902E-B109-4589-8221-0DAA6D3A622B}.Release|Any CPU.Build.0 = Release|Any CPU
	EndGlobalSection
	GlobalSection(SolutionProperties) = preSolution
		HideSolutionNode = FALSE
	EndGlobalSection
	GlobalSection(NestedProjects) = preSolution
		{396B902E-B109-4589-8221-0DAA6D3A622B} = {A05C44F5-969C-4861-9834-D462D346A7AD}
	EndGlobalSection
	GlobalSection(ExtensibilityGlobals) = postSolution
		SolutionGuid = {933A08AF-EE88-4977-83DB-F9BFCA1517EE}
	EndGlobalSection
EndGlobal
